// !$*UTF8*$!
{
	archiveVersion = 1;
	classes = {
	};
	objectVersion = 46;
	objects = {

/* Begin PBXBuildFile section */
		08A9F0DA1D1A3ADA00F4A713 /* AppDelegate.swift in Sources */ = {isa = PBXBuildFile; fileRef = 08A9F0D91D1A3ADA00F4A713 /* AppDelegate.swift */; };
		08A9F0DC1D1A3ADA00F4A713 /* ViewController.swift in Sources */ = {isa = PBXBuildFile; fileRef = 08A9F0DB1D1A3ADA00F4A713 /* ViewController.swift */; };
		08A9F0DF1D1A3ADA00F4A713 /* Main.storyboard in Resources */ = {isa = PBXBuildFile; fileRef = 08A9F0DD1D1A3ADA00F4A713 /* Main.storyboard */; };
		08A9F0E11D1A3ADA00F4A713 /* Assets.xcassets in Resources */ = {isa = PBXBuildFile; fileRef = 08A9F0E01D1A3ADA00F4A713 /* Assets.xcassets */; };
		08A9F0E41D1A3ADA00F4A713 /* LaunchScreen.storyboard in Resources */ = {isa = PBXBuildFile; fileRef = 08A9F0E21D1A3ADA00F4A713 /* LaunchScreen.storyboard */; };
		08A9F0EF1D1A3ADA00F4A713 /* My_First_AppTests.swift in Sources */ = {isa = PBXBuildFile; fileRef = 08A9F0EE1D1A3ADA00F4A713 /* My_First_AppTests.swift */; };
		08A9F0FA1D1A3ADA00F4A713 /* My_First_AppUITests.swift in Sources */ = {isa = PBXBuildFile; fileRef = 08A9F0F91D1A3ADA00F4A713 /* My_First_AppUITests.swift */; };
/* End PBXBuildFile section */

/* Begin PBXContainerItemProxy section */
		08A9F0EB1D1A3ADA00F4A713 /* PBXContainerItemProxy */ = {
			isa = PBXContainerItemProxy;
			containerPortal = 08A9F0CE1D1A3ADA00F4A713 /* Project object */;
			proxyType = 1;
			remoteGlobalIDString = 08A9F0D51D1A3ADA00F4A713;
			remoteInfo = "My First App";
		};
		08A9F0F61D1A3ADA00F4A713 /* PBXContainerItemProxy */ = {
			isa = PBXContainerItemProxy;
			containerPortal = 08A9F0CE1D1A3ADA00F4A713 /* Project object */;
			proxyType = 1;
			remoteGlobalIDString = 08A9F0D51D1A3ADA00F4A713;
			remoteInfo = "My First App";
		};
/* End PBXContainerItemProxy section */

/* Begin PBXFileReference section */
		08A9F0D61D1A3ADA00F4A713 /* My First App.app */ = {isa = PBXFileReference; explicitFileType = wrapper.application; includeInIndex = 0; path = "My First App.app"; sourceTree = BUILT_PRODUCTS_DIR; };
		08A9F0D91D1A3ADA00F4A713 /* AppDelegate.swift */ = {isa = PBXFileReference; lastKnownFileType = sourcecode.swift; path = AppDelegate.swift; sourceTree = "<group>"; };
		08A9F0DB1D1A3ADA00F4A713 /* ViewController.swift */ = {isa = PBXFileReference; lastKnownFileType = sourcecode.swift; path = ViewController.swift; sourceTree = "<group>"; };
		08A9F0DE1D1A3ADA00F4A713 /* Base */ = {isa = PBXFileReference; lastKnownFileType = file.storyboard; name = Base; path = Base.lproj/Main.storyboard; sourceTree = "<group>"; };
		08A9F0E01D1A3ADA00F4A713 /* Assets.xcassets */ = {isa = PBXFileReference; lastKnownFileType = folder.assetcatalog; path = Assets.xcassets; sourceTree = "<group>"; };
		08A9F0E31D1A3ADA00F4A713 /* Base */ = {isa = PBXFileReference; lastKnownFileType = file.storyboard; name = Base; path = Base.lproj/LaunchScreen.storyboard; sourceTree = "<group>"; };
		08A9F0E51D1A3ADA00F4A713 /* Info.plist */ = {isa = PBXFileReference; lastKnownFileType = text.plist.xml; path = Info.plist; sourceTree = "<group>"; };
		08A9F0EA1D1A3ADA00F4A713 /* My First AppTests.xctest */ = {isa = PBXFileReference; explicitFileType = wrapper.cfbundle; includeInIndex = 0; path = "My First AppTests.xctest"; sourceTree = BUILT_PRODUCTS_DIR; };
		08A9F0EE1D1A3ADA00F4A713 /* My_First_AppTests.swift */ = {isa = PBXFileReference; lastKnownFileType = sourcecode.swift; path = My_First_AppTests.swift; sourceTree = "<group>"; };
		08A9F0F01D1A3ADA00F4A713 /* Info.plist */ = {isa = PBXFileReference; lastKnownFileType = text.plist.xml; path = Info.plist; sourceTree = "<group>"; };
		08A9F0F51D1A3ADA00F4A713 /* My First AppUITests.xctest */ = {isa = PBXFileReference; explicitFileType = wrapper.cfbundle; includeInIndex = 0; path = "My First AppUITests.xctest"; sourceTree = BUILT_PRODUCTS_DIR; };
		08A9F0F91D1A3ADA00F4A713 /* My_First_AppUITests.swift */ = {isa = PBXFileReference; lastKnownFileType = sourcecode.swift; path = My_First_AppUITests.swift; sourceTree = "<group>"; };
		08A9F0FB1D1A3ADA00F4A713 /* Info.plist */ = {isa = PBXFileReference; lastKnownFileType = text.plist.xml; path = Info.plist; sourceTree = "<group>"; };
/* End PBXFileReference section */

/* Begin PBXFrameworksBuildPhase section */
		08A9F0D31D1A3ADA00F4A713 /* Frameworks */ = {
			isa = PBXFrameworksBuildPhase;
			buildActionMask = 2147483647;
			files = (
			);
			runOnlyForDeploymentPostprocessing = 0;
		};
		08A9F0E71D1A3ADA00F4A713 /* Frameworks */ = {
			isa = PBXFrameworksBuildPhase;
			buildActionMask = 2147483647;
			files = (
			);
			runOnlyForDeploymentPostprocessing = 0;
		};
		08A9F0F21D1A3ADA00F4A713 /* Frameworks */ = {
			isa = PBXFrameworksBuildPhase;
			buildActionMask = 2147483647;
			files = (
			);
			runOnlyForDeploymentPostprocessing = 0;
		};
/* End PBXFrameworksBuildPhase section */

/* Begin PBXGroup section */
		08A9F0CD1D1A3ADA00F4A713 = {
			isa = PBXGroup;
			children = (
				08A9F0D81D1A3ADA00F4A713 /* My First App */,
				08A9F0ED1D1A3ADA00F4A713 /* My First AppTests */,
				08A9F0F81D1A3ADA00F4A713 /* My First AppUITests */,
				08A9F0D71D1A3ADA00F4A713 /* Products */,
			);
			sourceTree = "<group>";
		};
		08A9F0D71D1A3ADA00F4A713 /* Products */ = {
			isa = PBXGroup;
			children = (
				08A9F0D61D1A3ADA00F4A713 /* My First App.app */,
				08A9F0EA1D1A3ADA00F4A713 /* My First AppTests.xctest */,
				08A9F0F51D1A3ADA00F4A713 /* My First AppUITests.xctest */,
			);
			name = Products;
			sourceTree = "<group>";
		};
		08A9F0D81D1A3ADA00F4A713 /* My First App */ = {
			isa = PBXGroup;
			children = (
				08A9F0D91D1A3ADA00F4A713 /* AppDelegate.swift */,
				08A9F0DB1D1A3ADA00F4A713 /* ViewController.swift */,
				08A9F0DD1D1A3ADA00F4A713 /* Main.storyboard */,
				08A9F0E01D1A3ADA00F4A713 /* Assets.xcassets */,
				08A9F0E21D1A3ADA00F4A713 /* LaunchScreen.storyboard */,
				08A9F0E51D1A3ADA00F4A713 /* Info.plist */,
			);
			path = "My First App";
			sourceTree = "<group>";
		};
		08A9F0ED1D1A3ADA00F4A713 /* My First AppTests */ = {
			isa = PBXGroup;
			children = (
				08A9F0EE1D1A3ADA00F4A713 /* My_First_AppTests.swift */,
				08A9F0F01D1A3ADA00F4A713 /* Info.plist */,
			);
			path = "My First AppTests";
			sourceTree = "<group>";
		};
		08A9F0F81D1A3ADA00F4A713 /* My First AppUITests */ = {
			isa = PBXGroup;
			children = (
				08A9F0F91D1A3ADA00F4A713 /* My_First_AppUITests.swift */,
				08A9F0FB1D1A3ADA00F4A713 /* Info.plist */,
			);
			path = "My First AppUITests";
			sourceTree = "<group>";
		};
/* End PBXGroup section */

/* Begin PBXNativeTarget section */
		08A9F0D51D1A3ADA00F4A713 /* My First App */ = {
			isa = PBXNativeTarget;
			buildConfigurationList = 08A9F0FE1D1A3ADA00F4A713 /* Build configuration list for PBXNativeTarget "My First App" */;
			buildPhases = (
				08A9F0D21D1A3ADA00F4A713 /* Sources */,
				08A9F0D31D1A3ADA00F4A713 /* Frameworks */,
				08A9F0D41D1A3ADA00F4A713 /* Resources */,
			);
			buildRules = (
			);
			dependencies = (
			);
			name = "My First App";
			productName = "My First App";
			productReference = 08A9F0D61D1A3ADA00F4A713 /* My First App.app */;
			productType = "com.apple.product-type.application";
		};
		08A9F0E91D1A3ADA00F4A713 /* My First AppTests */ = {
			isa = PBXNativeTarget;
			buildConfigurationList = 08A9F1011D1A3ADA00F4A713 /* Build configuration list for PBXNativeTarget "My First AppTests" */;
			buildPhases = (
				08A9F0E61D1A3ADA00F4A713 /* Sources */,
				08A9F0E71D1A3ADA00F4A713 /* Frameworks */,
				08A9F0E81D1A3ADA00F4A713 /* Resources */,
			);
			buildRules = (
			);
			dependencies = (
				08A9F0EC1D1A3ADA00F4A713 /* PBXTargetDependency */,
			);
			name = "My First AppTests";
			productName = "My First AppTests";
			productReference = 08A9F0EA1D1A3ADA00F4A713 /* My First AppTests.xctest */;
			productType = "com.apple.product-type.bundle.unit-test";
		};
		08A9F0F41D1A3ADA00F4A713 /* My First AppUITests */ = {
			isa = PBXNativeTarget;
			buildConfigurationList = 08A9F1041D1A3ADA00F4A713 /* Build configuration list for PBXNativeTarget "My First AppUITests" */;
			buildPhases = (
				08A9F0F11D1A3ADA00F4A713 /* Sources */,
				08A9F0F21D1A3ADA00F4A713 /* Frameworks */,
				08A9F0F31D1A3ADA00F4A713 /* Resources */,
			);
			buildRules = (
			);
			dependencies = (
				08A9F0F71D1A3ADA00F4A713 /* PBXTargetDependency */,
			);
			name = "My First AppUITests";
			productName = "My First AppUITests";
			productReference = 08A9F0F51D1A3ADA00F4A713 /* My First AppUITests.xctest */;
			productType = "com.apple.product-type.bundle.ui-testing";
		};
/* End PBXNativeTarget section */

/* Begin PBXProject section */
		08A9F0CE1D1A3ADA00F4A713 /* Project object */ = {
			isa = PBXProject;
			attributes = {
				LastSwiftUpdateCheck = 0730;
				LastUpgradeCheck = 0730;
				ORGANIZATIONNAME = iMac_13;
				TargetAttributes = {
					08A9F0D51D1A3ADA00F4A713 = {
						CreatedOnToolsVersion = 7.3.1;
					};
					08A9F0E91D1A3ADA00F4A713 = {
						CreatedOnToolsVersion = 7.3.1;
						TestTargetID = 08A9F0D51D1A3ADA00F4A713;
					};
					08A9F0F41D1A3ADA00F4A713 = {
						CreatedOnToolsVersion = 7.3.1;
						TestTargetID = 08A9F0D51D1A3ADA00F4A713;
					};
				};
			};
			buildConfigurationList = 08A9F0D11D1A3ADA00F4A713 /* Build configuration list for PBXProject "My First App" */;
			compatibilityVersion = "Xcode 3.2";
			developmentRegion = English;
			hasScannedForEncodings = 0;
			knownRegions = (
				en,
				Base,
			);
			mainGroup = 08A9F0CD1D1A3ADA00F4A713;
			productRefGroup = 08A9F0D71D1A3ADA00F4A713 /* Products */;
			projectDirPath = "";
			projectRoot = "";
			targets = (
				08A9F0D51D1A3ADA00F4A713 /* My First App */,
				08A9F0E91D1A3ADA00F4A713 /* My First AppTests */,
				08A9F0F41D1A3ADA00F4A713 /* My First AppUITests */,
			);
		};
/* End PBXProject section */

/* Begin PBXResourcesBuildPhase section */
		08A9F0D41D1A3ADA00F4A713 /* Resources */ = {
			isa = PBXResourcesBuildPhase;
			buildActionMask = 2147483647;
			files = (
				08A9F0E41D1A3ADA00F4A713 /* LaunchScreen.storyboard in Resources */,
				08A9F0E11D1A3ADA00F4A713 /* Assets.xcassets in Resources */,
				08A9F0DF1D1A3ADA00F4A713 /* Main.storyboard in Resources */,
			);
			runOnlyForDeploymentPostprocessing = 0;
		};
		08A9F0E81D1A3ADA00F4A713 /* Resources */ = {
			isa = PBXResourcesBuildPhase;
			buildActionMask = 2147483647;
			files = (
			);
			runOnlyForDeploymentPostprocessing = 0;
		};
		08A9F0F31D1A3ADA00F4A713 /* Resources */ = {
			isa = PBXResourcesBuildPhase;
			buildActionMask = 2147483647;
			files = (
			);
			runOnlyForDeploymentPostprocessing = 0;
		};
/* End PBXResourcesBuildPhase section */

/* Begin PBXSourcesBuildPhase section */
		08A9F0D21D1A3ADA00F4A713 /* Sources */ = {
			isa = PBXSourcesBuildPhase;
			buildActionMask = 2147483647;
			files = (
				08A9F0DC1D1A3ADA00F4A713 /* ViewController.swift in Sources */,
				08A9F0DA1D1A3ADA00F4A713 /* AppDelegate.swift in Sources */,
			);
			runOnlyForDeploymentPostprocessing = 0;
		};
		08A9F0E61D1A3ADA00F4A713 /* Sources */ = {
			isa = PBXSourcesBuildPhase;
			buildActionMask = 2147483647;
			files = (
				08A9F0EF1D1A3ADA00F4A713 /* My_First_AppTests.swift in Sources */,
			);
			runOnlyForDeploymentPostprocessing = 0;
		};
		08A9F0F11D1A3ADA00F4A713 /* Sources */ = {
			isa = PBXSourcesBuildPhase;
			buildActionMask = 2147483647;
			files = (
				08A9F0FA1D1A3ADA00F4A713 /* My_First_AppUITests.swift in Sources */,
			);
			runOnlyForDeploymentPostprocessing = 0;
		};
/* End PBXSourcesBuildPhase section */

/* Begin PBXTargetDependency section */
		08A9F0EC1D1A3ADA00F4A713 /* PBXTargetDependency */ = {
			isa = PBXTargetDependency;
			target = 08A9F0D51D1A3ADA00F4A713 /* My First App */;
			targetProxy = 08A9F0EB1D1A3ADA00F4A713 /* PBXContainerItemProxy */;
		};
		08A9F0F71D1A3ADA00F4A713 /* PBXTargetDependency */ = {
			isa = PBXTargetDependency;
			target = 08A9F0D51D1A3ADA00F4A713 /* My First App */;
			targetProxy = 08A9F0F61D1A3ADA00F4A713 /* PBXContainerItemProxy */;
		};
/* End PBXTargetDependency section */

/* Begin PBXVariantGroup section */
		08A9F0DD1D1A3ADA00F4A713 /* Main.storyboard */ = {
			isa = PBXVariantGroup;
			children = (
				08A9F0DE1D1A3ADA00F4A713 /* Base */,
			);
			name = Main.storyboard;
			sourceTree = "<group>";
		};
		08A9F0E21D1A3ADA00F4A713 /* LaunchScreen.storyboard */ = {
			isa = PBXVariantGroup;
			children = (
				08A9F0E31D1A3ADA00F4A713 /* Base */,
			);
			name = LaunchScreen.storyboard;
			sourceTree = "<group>";
		};
/* End PBXVariantGroup section */

/* Begin XCBuildConfiguration section */
		08A9F0FC1D1A3ADA00F4A713 /* Debug */ = {
			isa = XCBuildConfiguration;
			buildSettings = {
				ALWAYS_SEARCH_USER_PATHS = NO;
				CLANG_ANALYZER_NONNULL = YES;
				CLANG_CXX_LANGUAGE_STANDARD = "gnu++0x";
				CLANG_CXX_LIBRARY = "libc++";
				CLANG_ENABLE_MODULES = YES;
				CLANG_ENABLE_OBJC_ARC = YES;
				CLANG_WARN_BOOL_CONVERSION = YES;
				CLANG_WARN_CONSTANT_CONVERSION = YES;
				CLANG_WARN_DIRECT_OBJC_ISA_USAGE = YES_ERROR;
				CLANG_WARN_EMPTY_BODY = YES;
				CLANG_WARN_ENUM_CONVERSION = YES;
				CLANG_WARN_INT_CONVERSION = YES;
				CLANG_WARN_OBJC_ROOT_CLASS = YES_ERROR;
				CLANG_WARN_UNREACHABLE_CODE = YES;
				CLANG_WARN__DUPLICATE_METHOD_MATCH = YES;
				"CODE_SIGN_IDENTITY[sdk=iphoneos*]" = "iPhone Developer";
				COPY_PHASE_STRIP = NO;
				DEBUG_INFORMATION_FORMAT = dwarf;
				ENABLE_STRICT_OBJC_MSGSEND = YES;
				ENABLE_TESTABILITY = YES;
				GCC_C_LANGUAGE_STANDARD = gnu99;
				GCC_DYNAMIC_NO_PIC = NO;
				GCC_NO_COMMON_BLOCKS = YES;
				GCC_OPTIMIZATION_LEVEL = 0;
				GCC_PREPROCESSOR_DEFINITIONS = (
					"DEBUG=1",
					"$(inherited)",
				);
				GCC_WARN_64_TO_32_BIT_CONVERSION = YES;
				GCC_WARN_ABOUT_RETURN_TYPE = YES_ERROR;
				GCC_WARN_UNDECLARED_SELECTOR = YES;
				GCC_WARN_UNINITIALIZED_AUTOS = YES_AGGRESSIVE;
				GCC_WARN_UNUSED_FUNCTION = YES;
				GCC_WARN_UNUSED_VARIABLE = YES;
				IPHONEOS_DEPLOYMENT_TARGET = 9.3;
				MTL_ENABLE_DEBUG_INFO = YES;
				ONLY_ACTIVE_ARCH = YES;
				SDKROOT = iphoneos;
				SWIFT_OPTIMIZATION_LEVEL = "-Onone";
			};
			name = Debug;
		};
		08A9F0FD1D1A3ADA00F4A713 /* Release */ = {
			isa = XCBuildConfiguration;
			buildSettings = {
				ALWAYS_SEARCH_USER_PATHS = NO;
				CLANG_ANALYZER_NONNULL = YES;
				CLANG_CXX_LANGUAGE_STANDARD = "gnu++0x";
				CLANG_CXX_LIBRARY = "libc++";
				CLANG_ENABLE_MODULES = YES;
				CLANG_ENABLE_OBJC_ARC = YES;
				CLANG_WARN_BOOL_CONVERSION = YES;
				CLANG_WARN_CONSTANT_CONVERSION = YES;
				CLANG_WARN_DIRECT_OBJC_ISA_USAGE = YES_ERROR;
				CLANG_WARN_EMPTY_BODY = YES;
				CLANG_WARN_ENUM_CONVERSION = YES;
				CLANG_WARN_INT_CONVERSION = YES;
				CLANG_WARN_OBJC_ROOT_CLASS = YES_ERROR;
				CLANG_WARN_UNREACHABLE_CODE = YES;
				CLANG_WARN__DUPLICATE_METHOD_MATCH = YES;
				"CODE_SIGN_IDENTITY[sdk=iphoneos*]" = "iPhone Developer";
				COPY_PHASE_STRIP = NO;
				DEBUG_INFORMATION_FORMAT = "dwarf-with-dsym";
				ENABLE_NS_ASSERTIONS = NO;
				ENABLE_STRICT_OBJC_MSGSEND = YES;
				GCC_C_LANGUAGE_STANDARD = gnu99;
				GCC_NO_COMMON_BLOCKS = YES;
				GCC_WARN_64_TO_32_BIT_CONVERSION = YES;
				GCC_WARN_ABOUT_RETURN_TYPE = YES_ERROR;
				GCC_WARN_UNDECLARED_SELECTOR = YES;
				GCC_WARN_UNINITIALIZED_AUTOS = YES_AGGRESSIVE;
				GCC_WARN_UNUSED_FUNCTION = YES;
				GCC_WARN_UNUSED_VARIABLE = YES;
				IPHONEOS_DEPLOYMENT_TARGET = 9.3;
				MTL_ENABLE_DEBUG_INFO = NO;
				SDKROOT = iphoneos;
				VALIDATE_PRODUCT = YES;
			};
			name = Release;
		};
		08A9F0FF1D1A3ADA00F4A713 /* Debug */ = {
			isa = XCBuildConfiguration;
			buildSettings = {
				ASSETCATALOG_COMPILER_APPICON_NAME = AppIcon;
				INFOPLIST_FILE = "My First App/Info.plist";
				LD_RUNPATH_SEARCH_PATHS = "$(inherited) @executable_path/Frameworks";
				PRODUCT_BUNDLE_IDENTIFIER = "app.suttiad.neu.My-First-App";
				PRODUCT_NAME = "$(TARGET_NAME)";
			};
			name = Debug;
		};
		08A9F1001D1A3ADA00F4A713 /* Release */ = {
			isa = XCBuildConfiguration;
			buildSettings = {
				ASSETCATALOG_COMPILER_APPICON_NAME = AppIcon;
				INFOPLIST_FILE = "My First App/Info.plist";
				LD_RUNPATH_SEARCH_PATHS = "$(inherited) @executable_path/Frameworks";
				PRODUCT_BUNDLE_IDENTIFIER = "app.suttiad.neu.My-First-App";
				PRODUCT_NAME = "$(TARGET_NAME)";
			};
			name = Release;
		};
		08A9F1021D1A3ADA00F4A713 /* Debug */ = {
			isa = XCBuildConfiguration;
			buildSettings = {
				BUNDLE_LOADER = "$(TEST_HOST)";
				INFOPLIST_FILE = "My First AppTests/Info.plist";
				LD_RUNPATH_SEARCH_PATHS = "$(inherited) @executable_path/Frameworks @loader_path/Frameworks";
				PRODUCT_BUNDLE_IDENTIFIER = "app.suttiad.neu.My-First-AppTests";
				PRODUCT_NAME = "$(TARGET_NAME)";
				TEST_HOST = "$(BUILT_PRODUCTS_DIR)/My First App.app/My First App";
			};
			name = Debug;
		};
		08A9F1031D1A3ADA00F4A713 /* Release */ = {
			isa = XCBuildConfiguration;
			buildSettings = {
				BUNDLE_LOADER = "$(TEST_HOST)";
				INFOPLIST_FILE = "My First AppTests/Info.plist";
				LD_RUNPATH_SEARCH_PATHS = "$(inherited) @executable_path/Frameworks @loader_path/Frameworks";
				PRODUCT_BUNDLE_IDENTIFIER = "app.suttiad.neu.My-First-AppTests";
				PRODUCT_NAME = "$(TARGET_NAME)";
				TEST_HOST = "$(BUILT_PRODUCTS_DIR)/My First App.app/My First App";
			};
			name = Release;
		};
		08A9F1051D1A3ADA00F4A713 /* Debug */ = {
			isa = XCBuildConfiguration;
			buildSettings = {
				INFOPLIST_FILE = "My First AppUITests/Info.plist";
				LD_RUNPATH_SEARCH_PATHS = "$(inherited) @executable_path/Frameworks @loader_path/Frameworks";
				PRODUCT_BUNDLE_IDENTIFIER = "app.suttiad.neu.My-First-AppUITests";
				PRODUCT_NAME = "$(TARGET_NAME)";
				TEST_TARGET_NAME = "My First App";
			};
			name = Debug;
		};
		08A9F1061D1A3ADA00F4A713 /* Release */ = {
			isa = XCBuildConfiguration;
			buildSettings = {
				INFOPLIST_FILE = "My First AppUITests/Info.plist";
				LD_RUNPATH_SEARCH_PATHS = "$(inherited) @executable_path/Frameworks @loader_path/Frameworks";
				PRODUCT_BUNDLE_IDENTIFIER = "app.suttiad.neu.My-First-AppUITests";
				PRODUCT_NAME = "$(TARGET_NAME)";
				TEST_TARGET_NAME = "My First App";
			};
			name = Release;
		};
/* End XCBuildConfiguration section */

/* Begin XCConfigurationList section */
		08A9F0D11D1A3ADA00F4A713 /* Build configuration list for PBXProject "My First App" */ = {
			isa = XCConfigurationList;
			buildConfigurations = (
				08A9F0FC1D1A3ADA00F4A713 /* Debug */,
				08A9F0FD1D1A3ADA00F4A713 /* Release */,
			);
			defaultConfigurationIsVisible = 0;
			defaultConfigurationName = Release;
		};
		08A9F0FE1D1A3ADA00F4A713 /* Build configuration list for PBXNativeTarget "My First App" */ = {
			isa = XCConfigurationList;
			buildConfigurations = (
				08A9F0FF1D1A3ADA00F4A713 /* Debug */,
				08A9F1001D1A3ADA00F4A713 /* Release */,
			);
			defaultConfigurationIsVisible = 0;
		};
		08A9F1011D1A3ADA00F4A713 /* Build configuration list for PBXNativeTarget "My First AppTests" */ = {
			isa = XCConfigurationList;
			buildConfigurations = (
				08A9F1021D1A3ADA00F4A713 /* Debug */,
				08A9F1031D1A3ADA00F4A713 /* Release */,
			);
			defaultConfigurationIsVisible = 0;
		};
		08A9F1041D1A3ADA00F4A713 /* Build configuration list for PBXNativeTarget "My First AppUITests" */ = {
			isa = XCConfigurationList;
			buildConfigurations = (
				08A9F1051D1A3ADA00F4A713 /* Debug */,
				08A9F1061D1A3ADA00F4A713 /* Release */,
			);
			defaultConfigurationIsVisible = 0;
		};
/* End XCConfigurationList section */
	};
	rootObject = 08A9F0CE1D1A3ADA00F4A713 /* Project object */;
}
